// !$*UTF8*$!
{
	archiveVersion = 1;
	classes = {
	};
	objectVersion = 51;
	objects = {

/* Begin PBXBuildFile section */
		6B8EED016C8FCBB5273CB904 /* Pods_RXSwiftChainedRequests.framework in Frameworks */ = {isa = PBXBuildFile; fileRef = 3A0064C96A66C35D8927267B /* Pods_RXSwiftChainedRequests.framework */; };
		F8CE6651251A5BD000D926C8 /* AppDelegate.swift in Sources */ = {isa = PBXBuildFile; fileRef = F8CE6650251A5BD000D926C8 /* AppDelegate.swift */; };
		F8CE6653251A5BD000D926C8 /* SceneDelegate.swift in Sources */ = {isa = PBXBuildFile; fileRef = F8CE6652251A5BD000D926C8 /* SceneDelegate.swift */; };
		F8CE6655251A5BD000D926C8 /* ViewController.swift in Sources */ = {isa = PBXBuildFile; fileRef = F8CE6654251A5BD000D926C8 /* ViewController.swift */; };
		F8CE6658251A5BD000D926C8 /* Main.storyboard in Resources */ = {isa = PBXBuildFile; fileRef = F8CE6656251A5BD000D926C8 /* Main.storyboard */; };
		F8CE665A251A5BD200D926C8 /* Assets.xcassets in Resources */ = {isa = PBXBuildFile; fileRef = F8CE6659251A5BD200D926C8 /* Assets.xcassets */; };
		F8CE665D251A5BD200D926C8 /* LaunchScreen.storyboard in Resources */ = {isa = PBXBuildFile; fileRef = F8CE665B251A5BD200D926C8 /* LaunchScreen.storyboard */; };
		F8CE6666251A5FF800D926C8 /* Models.swift in Sources */ = {isa = PBXBuildFile; fileRef = F8CE6665251A5FF800D926C8 /* Models.swift */; };
		F8CE6668251A60E200D926C8 /* NetworkService.swift in Sources */ = {isa = PBXBuildFile; fileRef = F8CE6667251A60E200D926C8 /* NetworkService.swift */; };
		F8CE666A251A637F00D926C8 /* GithubRepository.swift in Sources */ = {isa = PBXBuildFile; fileRef = F8CE6669251A637F00D926C8 /* GithubRepository.swift */; };
/* End PBXBuildFile section */

/* Begin PBXFileReference section */
		3A0064C96A66C35D8927267B /* Pods_RXSwiftChainedRequests.framework */ = {isa = PBXFileReference; explicitFileType = wrapper.framework; includeInIndex = 0; path = Pods_RXSwiftChainedRequests.framework; sourceTree = BUILT_PRODUCTS_DIR; };
		7054F383ED7822FFEC53FC02 /* Pods-RXSwiftChainedRequests.release.xcconfig */ = {isa = PBXFileReference; includeInIndex = 1; lastKnownFileType = text.xcconfig; name = "Pods-RXSwiftChainedRequests.release.xcconfig"; path = "Target Support Files/Pods-RXSwiftChainedRequests/Pods-RXSwiftChainedRequests.release.xcconfig"; sourceTree = "<group>"; };
		7860706DEC309D5505A09E4C /* Pods-RXSwiftChainedRequests.debug.xcconfig */ = {isa = PBXFileReference; includeInIndex = 1; lastKnownFileType = text.xcconfig; name = "Pods-RXSwiftChainedRequests.debug.xcconfig"; path = "Target Support Files/Pods-RXSwiftChainedRequests/Pods-RXSwiftChainedRequests.debug.xcconfig"; sourceTree = "<group>"; };
		F8CE664D251A5BD000D926C8 /* RXSwiftChainedRequests.app */ = {isa = PBXFileReference; explicitFileType = wrapper.application; includeInIndex = 0; path = RXSwiftChainedRequests.app; sourceTree = BUILT_PRODUCTS_DIR; };
		F8CE6650251A5BD000D926C8 /* AppDelegate.swift */ = {isa = PBXFileReference; lastKnownFileType = sourcecode.swift; path = AppDelegate.swift; sourceTree = "<group>"; };
		F8CE6652251A5BD000D926C8 /* SceneDelegate.swift */ = {isa = PBXFileReference; lastKnownFileType = sourcecode.swift; path = SceneDelegate.swift; sourceTree = "<group>"; };
		F8CE6654251A5BD000D926C8 /* ViewController.swift */ = {isa = PBXFileReference; lastKnownFileType = sourcecode.swift; path = ViewController.swift; sourceTree = "<group>"; };
		F8CE6657251A5BD000D926C8 /* Base */ = {isa = PBXFileReference; lastKnownFileType = file.storyboard; name = Base; path = Base.lproj/Main.storyboard; sourceTree = "<group>"; };
		F8CE6659251A5BD200D926C8 /* Assets.xcassets */ = {isa = PBXFileReference; lastKnownFileType = folder.assetcatalog; path = Assets.xcassets; sourceTree = "<group>"; };
		F8CE665C251A5BD200D926C8 /* Base */ = {isa = PBXFileReference; lastKnownFileType = file.storyboard; name = Base; path = Base.lproj/LaunchScreen.storyboard; sourceTree = "<group>"; };
		F8CE665E251A5BD200D926C8 /* Info.plist */ = {isa = PBXFileReference; lastKnownFileType = text.plist.xml; path = Info.plist; sourceTree = "<group>"; };
		F8CE6665251A5FF800D926C8 /* Models.swift */ = {isa = PBXFileReference; lastKnownFileType = sourcecode.swift; path = Models.swift; sourceTree = "<group>"; };
		F8CE6667251A60E200D926C8 /* NetworkService.swift */ = {isa = PBXFileReference; lastKnownFileType = sourcecode.swift; path = NetworkService.swift; sourceTree = "<group>"; };
		F8CE6669251A637F00D926C8 /* GithubRepository.swift */ = {isa = PBXFileReference; lastKnownFileType = sourcecode.swift; path = GithubRepository.swift; sourceTree = "<group>"; };
/* End PBXFileReference section */

/* Begin PBXFrameworksBuildPhase section */
		F8CE664A251A5BD000D926C8 /* Frameworks */ = {
			isa = PBXFrameworksBuildPhase;
			buildActionMask = 2147483647;
			files = (
				6B8EED016C8FCBB5273CB904 /* Pods_RXSwiftChainedRequests.framework in Frameworks */,
			);
			runOnlyForDeploymentPostprocessing = 0;
		};
/* End PBXFrameworksBuildPhase section */

/* Begin PBXGroup section */
		62D260DE217A425DE25CF77E /* Frameworks */ = {
			isa = PBXGroup;
			children = (
				3A0064C96A66C35D8927267B /* Pods_RXSwiftChainedRequests.framework */,
			);
			name = Frameworks;
			sourceTree = "<group>";
		};
		9E96CC1997677D64BBAEF57E /* Pods */ = {
			isa = PBXGroup;
			children = (
				7860706DEC309D5505A09E4C /* Pods-RXSwiftChainedRequests.debug.xcconfig */,
				7054F383ED7822FFEC53FC02 /* Pods-RXSwiftChainedRequests.release.xcconfig */,
			);
			path = Pods;
			sourceTree = "<group>";
		};
		F8CE6644251A5BD000D926C8 = {
			isa = PBXGroup;
			children = (
				F8CE664F251A5BD000D926C8 /* RXSwiftChainedRequests */,
				F8CE664E251A5BD000D926C8 /* Products */,
				9E96CC1997677D64BBAEF57E /* Pods */,
				62D260DE217A425DE25CF77E /* Frameworks */,
			);
			sourceTree = "<group>";
		};
		F8CE664E251A5BD000D926C8 /* Products */ = {
			isa = PBXGroup;
			children = (
				F8CE664D251A5BD000D926C8 /* RXSwiftChainedRequests.app */,
			);
			name = Products;
			sourceTree = "<group>";
		};
		F8CE664F251A5BD000D926C8 /* RXSwiftChainedRequests */ = {
			isa = PBXGroup;
			children = (
				F8CE6650251A5BD000D926C8 /* AppDelegate.swift */,
				F8CE6652251A5BD000D926C8 /* SceneDelegate.swift */,
				F8CE6654251A5BD000D926C8 /* ViewController.swift */,
				F8CE6656251A5BD000D926C8 /* Main.storyboard */,
				F8CE6659251A5BD200D926C8 /* Assets.xcassets */,
				F8CE665B251A5BD200D926C8 /* LaunchScreen.storyboard */,
				F8CE665E251A5BD200D926C8 /* Info.plist */,
				F8CE6665251A5FF800D926C8 /* Models.swift */,
				F8CE6667251A60E200D926C8 /* NetworkService.swift */,
				F8CE6669251A637F00D926C8 /* GithubRepository.swift */,
			);
			path = RXSwiftChainedRequests;
			sourceTree = "<group>";
		};
/* End PBXGroup section */

/* Begin PBXNativeTarget section */
		F8CE664C251A5BD000D926C8 /* RXSwiftChainedRequests */ = {
			isa = PBXNativeTarget;
			buildConfigurationList = F8CE6661251A5BD200D926C8 /* Build configuration list for PBXNativeTarget "RXSwiftChainedRequests" */;
			buildPhases = (
				3F4617B09D002A8515009260 /* [CP] Check Pods Manifest.lock */,
				F8CE6649251A5BD000D926C8 /* Sources */,
				F8CE664A251A5BD000D926C8 /* Frameworks */,
				F8CE664B251A5BD000D926C8 /* Resources */,
				DB4FFF8FA41760F9021D27C0 /* [CP] Embed Pods Frameworks */,
			);
			buildRules = (
			);
			dependencies = (
			);
			name = RXSwiftChainedRequests;
			productName = RXSwiftChainedRequests;
			productReference = F8CE664D251A5BD000D926C8 /* RXSwiftChainedRequests.app */;
			productType = "com.apple.product-type.application";
		};
/* End PBXNativeTarget section */

/* Begin PBXProject section */
		F8CE6645251A5BD000D926C8 /* Project object */ = {
			isa = PBXProject;
			attributes = {
				LastSwiftUpdateCheck = 1200;
				LastUpgradeCheck = 1200;
				TargetAttributes = {
					F8CE664C251A5BD000D926C8 = {
						CreatedOnToolsVersion = 12.0;
					};
				};
			};
			buildConfigurationList = F8CE6648251A5BD000D926C8 /* Build configuration list for PBXProject "RXSwiftChainedRequests" */;
			compatibilityVersion = "Xcode 9.3";
			developmentRegion = en;
			hasScannedForEncodings = 0;
			knownRegions = (
				en,
				Base,
			);
			mainGroup = F8CE6644251A5BD000D926C8;
			productRefGroup = F8CE664E251A5BD000D926C8 /* Products */;
			projectDirPath = "";
			projectRoot = "";
			targets = (
				F8CE664C251A5BD000D926C8 /* RXSwiftChainedRequests */,
			);
		};
/* End PBXProject section */

/* Begin PBXResourcesBuildPhase section */
		F8CE664B251A5BD000D926C8 /* Resources */ = {
			isa = PBXResourcesBuildPhase;
			buildActionMask = 2147483647;
			files = (
				F8CE665D251A5BD200D926C8 /* LaunchScreen.storyboard in Resources */,
				F8CE665A251A5BD200D926C8 /* Assets.xcassets in Resources */,
				F8CE6658251A5BD000D926C8 /* Main.storyboard in Resources */,
			);
			runOnlyForDeploymentPostprocessing = 0;
		};
/* End PBXResourcesBuildPhase section */

/* Begin PBXShellScriptBuildPhase section */
		3F4617B09D002A8515009260 /* [CP] Check Pods Manifest.lock */ = {
			isa = PBXShellScriptBuildPhase;
			buildActionMask = 2147483647;
			files = (
			);
			inputFileListPaths = (
			);
			inputPaths = (
				"${PODS_PODFILE_DIR_PATH}/Podfile.lock",
				"${PODS_ROOT}/Manifest.lock",
			);
			name = "[CP] Check Pods Manifest.lock";
			outputFileListPaths = (
			);
			outputPaths = (
				"$(DERIVED_FILE_DIR)/Pods-RXSwiftChainedRequests-checkManifestLockResult.txt",
			);
			runOnlyForDeploymentPostprocessing = 0;
			shellPath = /bin/sh;
			shellScript = "diff \"${PODS_PODFILE_DIR_PATH}/Podfile.lock\" \"${PODS_ROOT}/Manifest.lock\" > /dev/null\nif [ $? != 0 ] ; then\n    # print error to STDERR\n    echo \"error: The sandbox is not in sync with the Podfile.lock. Run 'pod install' or update your CocoaPods installation.\" >&2\n    exit 1\nfi\n# This output is used by Xcode 'outputs' to avoid re-running this script phase.\necho \"SUCCESS\" > \"${SCRIPT_OUTPUT_FILE_0}\"\n";
			showEnvVarsInLog = 0;
		};
		DB4FFF8FA41760F9021D27C0 /* [CP] Embed Pods Frameworks */ = {
			isa = PBXShellScriptBuildPhase;
			buildActionMask = 2147483647;
			files = (
			);
			inputFileListPaths = (
				"${PODS_ROOT}/Target Support Files/Pods-RXSwiftChainedRequests/Pods-RXSwiftChainedRequests-frameworks-${CONFIGURATION}-input-files.xcfilelist",
			);
			name = "[CP] Embed Pods Frameworks";
			outputFileListPaths = (
				"${PODS_ROOT}/Target Support Files/Pods-RXSwiftChainedRequests/Pods-RXSwiftChainedRequests-frameworks-${CONFIGURATION}-output-files.xcfilelist",
			);
			runOnlyForDeploymentPostprocessing = 0;
			shellPath = /bin/sh;
			shellScript = "\"${PODS_ROOT}/Target Support Files/Pods-RXSwiftChainedRequests/Pods-RXSwiftChainedRequests-frameworks.sh\"\n";
			showEnvVarsInLog = 0;
		};
/* End PBXShellScriptBuildPhase section */

/* Begin PBXSourcesBuildPhase section */
		F8CE6649251A5BD000D926C8 /* Sources */ = {
			isa = PBXSourcesBuildPhase;
			buildActionMask = 2147483647;
			files = (
				F8CE666A251A637F00D926C8 /* GithubRepository.swift in Sources */,
				F8CE6668251A60E200D926C8 /* NetworkService.swift in Sources */,
				F8CE6655251A5BD000D926C8 /* ViewController.swift in Sources */,
				F8CE6651251A5BD000D926C8 /* AppDelegate.swift in Sources */,
				F8CE6653251A5BD000D926C8 /* SceneDelegate.swift in Sources */,
				F8CE6666251A5FF800D926C8 /* Models.swift in Sources */,
			);
			runOnlyForDeploymentPostprocessing = 0;
		};
/* End PBXSourcesBuildPhase section */

/* Begin PBXVariantGroup section */
		F8CE6656251A5BD000D926C8 /* Main.storyboard */ = {
			isa = PBXVariantGroup;
			children = (
				F8CE6657251A5BD000D926C8 /* Base */,
			);
			name = Main.storyboard;
			sourceTree = "<group>";
		};
		F8CE665B251A5BD200D926C8 /* LaunchScreen.storyboard */ = {
			isa = PBXVariantGroup;
			children = (
				F8CE665C251A5BD200D926C8 /* Base */,
			);
			name = LaunchScreen.storyboard;
			sourceTree = "<group>";
		};
/* End PBXVariantGroup section */

/* Begin XCBuildConfiguration section */
		F8CE665F251A5BD200D926C8 /* Debug */ = {
			isa = XCBuildConfiguration;
			buildSettings = {
				ALWAYS_SEARCH_USER_PATHS = NO;
				CLANG_ANALYZER_NONNULL = YES;
				CLANG_ANALYZER_NUMBER_OBJECT_CONVERSION = YES_AGGRESSIVE;
				CLANG_CXX_LANGUAGE_STANDARD = "gnu++14";
				CLANG_CXX_LIBRARY = "libc++";
				CLANG_ENABLE_MODULES = YES;
				CLANG_ENABLE_OBJC_ARC = YES;
				CLANG_ENABLE_OBJC_WEAK = YES;
				CLANG_WARN_BLOCK_CAPTURE_AUTORELEASING = YES;
				CLANG_WARN_BOOL_CONVERSION = YES;
				CLANG_WARN_COMMA = YES;
				CLANG_WARN_CONSTANT_CONVERSION = YES;
				CLANG_WARN_DEPRECATED_OBJC_IMPLEMENTATIONS = YES;
				CLANG_WARN_DIRECT_OBJC_ISA_USAGE = YES_ERROR;
				CLANG_WARN_DOCUMENTATION_COMMENTS = YES;
				CLANG_WARN_EMPTY_BODY = YES;
				CLANG_WARN_ENUM_CONVERSION = YES;
				CLANG_WARN_INFINITE_RECURSION = YES;
				CLANG_WARN_INT_CONVERSION = YES;
				CLANG_WARN_NON_LITERAL_NULL_CONVERSION = YES;
				CLANG_WARN_OBJC_IMPLICIT_RETAIN_SELF = YES;
				CLANG_WARN_OBJC_LITERAL_CONVERSION = YES;
				CLANG_WARN_OBJC_ROOT_CLASS = YES_ERROR;
				CLANG_WARN_QUOTED_INCLUDE_IN_FRAMEWORK_HEADER = YES;
				CLANG_WARN_RANGE_LOOP_ANALYSIS = YES;
				CLANG_WARN_STRICT_PROTOTYPES = YES;
				CLANG_WARN_SUSPICIOUS_MOVE = YES;
				CLANG_WARN_UNGUARDED_AVAILABILITY = YES_AGGRESSIVE;
				CLANG_WARN_UNREACHABLE_CODE = YES;
				CLANG_WARN__DUPLICATE_METHOD_MATCH = YES;
				COPY_PHASE_STRIP = NO;
				DEBUG_INFORMATION_FORMAT = dwarf;
				ENABLE_STRICT_OBJC_MSGSEND = YES;
				ENABLE_TESTABILITY = YES;
				GCC_C_LANGUAGE_STANDARD = gnu11;
				GCC_DYNAMIC_NO_PIC = NO;
				GCC_NO_COMMON_BLOCKS = YES;
				GCC_OPTIMIZATION_LEVEL = 0;
				GCC_PREPROCESSOR_DEFINITIONS = (
					"DEBUG=1",
					"$(inherited)",
				);
				GCC_WARN_64_TO_32_BIT_CONVERSION = YES;
				GCC_WARN_ABOUT_RETURN_TYPE = YES_ERROR;
				GCC_WARN_UNDECLARED_SELECTOR = YES;
				GCC_WARN_UNINITIALIZED_AUTOS = YES_AGGRESSIVE;
				GCC_WARN_UNUSED_FUNCTION = YES;
				GCC_WARN_UNUSED_VARIABLE = YES;
				IPHONEOS_DEPLOYMENT_TARGET = 14.0;
				MTL_ENABLE_DEBUG_INFO = INCLUDE_SOURCE;
				MTL_FAST_MATH = YES;
				ONLY_ACTIVE_ARCH = YES;
				SDKROOT = iphoneos;
				SWIFT_ACTIVE_COMPILATION_CONDITIONS = DEBUG;
				SWIFT_OPTIMIZATION_LEVEL = "-Onone";
			};
			name = Debug;
		};
		F8CE6660251A5BD200D926C8 /* Release */ = {
			isa = XCBuildConfiguration;
			buildSettings = {
				ALWAYS_SEARCH_USER_PATHS = NO;
				CLANG_ANALYZER_NONNULL = YES;
				CLANG_ANALYZER_NUMBER_OBJECT_CONVERSION = YES_AGGRESSIVE;
				CLANG_CXX_LANGUAGE_STANDARD = "gnu++14";
				CLANG_CXX_LIBRARY = "libc++";
				CLANG_ENABLE_MODULES = YES;
				CLANG_ENABLE_OBJC_ARC = YES;
				CLANG_ENABLE_OBJC_WEAK = YES;
				CLANG_WARN_BLOCK_CAPTURE_AUTORELEASING = YES;
				CLANG_WARN_BOOL_CONVERSION = YES;
				CLANG_WARN_COMMA = YES;
				CLANG_WARN_CONSTANT_CONVERSION = YES;
				CLANG_WARN_DEPRECATED_OBJC_IMPLEMENTATIONS = YES;
				CLANG_WARN_DIRECT_OBJC_ISA_USAGE = YES_ERROR;
				CLANG_WARN_DOCUMENTATION_COMMENTS = YES;
				CLANG_WARN_EMPTY_BODY = YES;
				CLANG_WARN_ENUM_CONVERSION = YES;
				CLANG_WARN_INFINITE_RECURSION = YES;
				CLANG_WARN_INT_CONVERSION = YES;
				CLANG_WARN_NON_LITERAL_NULL_CONVERSION = YES;
				CLANG_WARN_OBJC_IMPLICIT_RETAIN_SELF = YES;
				CLANG_WARN_OBJC_LITERAL_CONVERSION = YES;
				CLANG_WARN_OBJC_ROOT_CLASS = YES_ERROR;
				CLANG_WARN_QUOTED_INCLUDE_IN_FRAMEWORK_HEADER = YES;
				CLANG_WARN_RANGE_LOOP_ANALYSIS = YES;
				CLANG_WARN_STRICT_PROTOTYPES = YES;
				CLANG_WARN_SUSPICIOUS_MOVE = YES;
				CLANG_WARN_UNGUARDED_AVAILABILITY = YES_AGGRESSIVE;
				CLANG_WARN_UNREACHABLE_CODE = YES;
				CLANG_WARN__DUPLICATE_METHOD_MATCH = YES;
				COPY_PHASE_STRIP = NO;
				DEBUG_INFORMATION_FORMAT = "dwarf-with-dsym";
				ENABLE_NS_ASSERTIONS = NO;
				ENABLE_STRICT_OBJC_MSGSEND = YES;
				GCC_C_LANGUAGE_STANDARD = gnu11;
				GCC_NO_COMMON_BLOCKS = YES;
				GCC_WARN_64_TO_32_BIT_CONVERSION = YES;
				GCC_WARN_ABOUT_RETURN_TYPE = YES_ERROR;
				GCC_WARN_UNDECLARED_SELECTOR = YES;
				GCC_WARN_UNINITIALIZED_AUTOS = YES_AGGRESSIVE;
				GCC_WARN_UNUSED_FUNCTION = YES;
				GCC_WARN_UNUSED_VARIABLE = YES;
				IPHONEOS_DEPLOYMENT_TARGET = 14.0;
				MTL_ENABLE_DEBUG_INFO = NO;
				MTL_FAST_MATH = YES;
				SDKROOT = iphoneos;
				SWIFT_COMPILATION_MODE = wholemodule;
				SWIFT_OPTIMIZATION_LEVEL = "-O";
				VALIDATE_PRODUCT = YES;
			};
			name = Release;
		};
		F8CE6662251A5BD200D926C8 /* Debug */ = {
			isa = XCBuildConfiguration;
			baseConfigurationReference = 7860706DEC309D5505A09E4C /* Pods-RXSwiftChainedRequests.debug.xcconfig */;
			buildSettings = {
				ASSETCATALOG_COMPILER_APPICON_NAME = AppIcon;
				ASSETCATALOG_COMPILER_GLOBAL_ACCENT_COLOR_NAME = AccentColor;
				CODE_SIGN_STYLE = Automatic;
				INFOPLIST_FILE = RXSwiftChainedRequests/Info.plist;
				LD_RUNPATH_SEARCH_PATHS = (
					"$(inherited)",
					"@executable_path/Frameworks",
				);
				PRODUCT_BUNDLE_IDENTIFIER = com.raul.RXSwiftChainedRequests;
				PRODUCT_NAME = "$(TARGET_NAME)";
				SWIFT_VERSION = 5.0;
				TARGETED_DEVICE_FAMILY = "1,2";
			};
			name = Debug;
		};
		F8CE6663251A5BD200D926C8 /* Release */ = {
			isa = XCBuildConfiguration;
			baseConfigurationReference = 7054F383ED7822FFEC53FC02 /* Pods-RXSwiftChainedRequests.release.xcconfig */;
			buildSettings = {
				ASSETCATALOG_COMPILER_APPICON_NAME = AppIcon;
				ASSETCATALOG_COMPILER_GLOBAL_ACCENT_COLOR_NAME = AccentColor;
				CODE_SIGN_STYLE = Automatic;
				INFOPLIST_FILE = RXSwiftChainedRequests/Info.plist;
				LD_RUNPATH_SEARCH_PATHS = (
					"$(inherited)",
					"@executable_path/Frameworks",
				);
				PRODUCT_BUNDLE_IDENTIFIER = com.raul.RXSwiftChainedRequests;
				PRODUCT_NAME = "$(TARGET_NAME)";
				SWIFT_VERSION = 5.0;
				TARGETED_DEVICE_FAMILY = "1,2";
			};
			name = Release;
		};
/* End XCBuildConfiguration section */

/* Begin XCConfigurationList section */
		F8CE6648251A5BD000D926C8 /* Build configuration list for PBXProject "RXSwiftChainedRequests" */ = {
			isa = XCConfigurationList;
			buildConfigurations = (
				F8CE665F251A5BD200D926C8 /* Debug */,
				F8CE6660251A5BD200D926C8 /* Release */,
			);
			defaultConfigurationIsVisible = 0;
			defaultConfigurationName = Release;
		};
		F8CE6661251A5BD200D926C8 /* Build configuration list for PBXNativeTarget "RXSwiftChainedRequests" */ = {
			isa = XCConfigurationList;
			buildConfigurations = (
				F8CE6662251A5BD200D926C8 /* Debug */,
				F8CE6663251A5BD200D926C8 /* Release */,
			);
			defaultConfigurationIsVisible = 0;
			defaultConfigurationName = Release;
		};
/* End XCConfigurationList section */
	};
	rootObject = F8CE6645251A5BD000D926C8 /* Project object */;
}
